// !$*UTF8*$!
{
	archiveVersion = 1;
	classes = {
	};
	objectVersion = 50;
	objects = {

/* Begin PBXBuildFile section */
		191ED27421DE3C9100A7472C /* AppDelegate.m in Sources */ = {isa = PBXBuildFile; fileRef = 191ED27321DE3C9100A7472C /* AppDelegate.m */; };
		191ED27721DE3C9100A7472C /* ViewController.m in Sources */ = {isa = PBXBuildFile; fileRef = 191ED27621DE3C9100A7472C /* ViewController.m */; };
		191ED27A21DE3C9100A7472C /* Main.storyboard in Resources */ = {isa = PBXBuildFile; fileRef = 191ED27821DE3C9100A7472C /* Main.storyboard */; };
		191ED27C21DE3C9300A7472C /* Assets.xcassets in Resources */ = {isa = PBXBuildFile; fileRef = 191ED27B21DE3C9300A7472C /* Assets.xcassets */; };
		191ED27F21DE3C9300A7472C /* LaunchScreen.storyboard in Resources */ = {isa = PBXBuildFile; fileRef = 191ED27D21DE3C9300A7472C /* LaunchScreen.storyboard */; };
		191ED28221DE3C9300A7472C /* main.m in Sources */ = {isa = PBXBuildFile; fileRef = 191ED28121DE3C9300A7472C /* main.m */; };
		191ED28C21DE3C9300A7472C /* ex_segueTests.m in Sources */ = {isa = PBXBuildFile; fileRef = 191ED28B21DE3C9300A7472C /* ex_segueTests.m */; };
		191ED29721DE3C9300A7472C /* ex_segueUITests.m in Sources */ = {isa = PBXBuildFile; fileRef = 191ED29621DE3C9300A7472C /* ex_segueUITests.m */; };
		191ED2A721DE3D4B00A7472C /* frog.png in Resources */ = {isa = PBXBuildFile; fileRef = 191ED2A421DE3D4A00A7472C /* frog.png */; };
		191ED2A821DE3D4B00A7472C /* house.png in Resources */ = {isa = PBXBuildFile; fileRef = 191ED2A521DE3D4A00A7472C /* house.png */; };
		191ED2A921DE3D4B00A7472C /* azarashi.png in Resources */ = {isa = PBXBuildFile; fileRef = 191ED2A621DE3D4B00A7472C /* azarashi.png */; };
		191ED2EA21DE5FDC00A7472C /* AzarashiViewController.m in Sources */ = {isa = PBXBuildFile; fileRef = 191ED2E921DE5FDC00A7472C /* AzarashiViewController.m */; };
		191ED2ED21DE601800A7472C /* FrogViewController.m in Sources */ = {isa = PBXBuildFile; fileRef = 191ED2EC21DE601800A7472C /* FrogViewController.m */; };
/* End PBXBuildFile section */

/* Begin PBXContainerItemProxy section */
		191ED28821DE3C9300A7472C /* PBXContainerItemProxy */ = {
			isa = PBXContainerItemProxy;
			containerPortal = 191ED26721DE3C9100A7472C /* Project object */;
			proxyType = 1;
			remoteGlobalIDString = 191ED26E21DE3C9100A7472C;
			remoteInfo = ex_segue;
		};
		191ED29321DE3C9300A7472C /* PBXContainerItemProxy */ = {
			isa = PBXContainerItemProxy;
			containerPortal = 191ED26721DE3C9100A7472C /* Project object */;
			proxyType = 1;
			remoteGlobalIDString = 191ED26E21DE3C9100A7472C;
			remoteInfo = ex_segue;
		};
/* End PBXContainerItemProxy section */

/* Begin PBXFileReference section */
		191ED26F21DE3C9100A7472C /* ex_segue.app */ = {isa = PBXFileReference; explicitFileType = wrapper.application; includeInIndex = 0; path = ex_segue.app; sourceTree = BUILT_PRODUCTS_DIR; };
		191ED27221DE3C9100A7472C /* AppDelegate.h */ = {isa = PBXFileReference; lastKnownFileType = sourcecode.c.h; path = AppDelegate.h; sourceTree = "<group>"; };
		191ED27321DE3C9100A7472C /* AppDelegate.m */ = {isa = PBXFileReference; lastKnownFileType = sourcecode.c.objc; path = AppDelegate.m; sourceTree = "<group>"; };
		191ED27521DE3C9100A7472C /* ViewController.h */ = {isa = PBXFileReference; lastKnownFileType = sourcecode.c.h; path = ViewController.h; sourceTree = "<group>"; };
		191ED27621DE3C9100A7472C /* ViewController.m */ = {isa = PBXFileReference; lastKnownFileType = sourcecode.c.objc; path = ViewController.m; sourceTree = "<group>"; };
		191ED27921DE3C9100A7472C /* Base */ = {isa = PBXFileReference; lastKnownFileType = file.storyboard; name = Base; path = Base.lproj/Main.storyboard; sourceTree = "<group>"; };
		191ED27B21DE3C9300A7472C /* Assets.xcassets */ = {isa = PBXFileReference; lastKnownFileType = folder.assetcatalog; path = Assets.xcassets; sourceTree = "<group>"; };
		191ED27E21DE3C9300A7472C /* Base */ = {isa = PBXFileReference; lastKnownFileType = file.storyboard; name = Base; path = Base.lproj/LaunchScreen.storyboard; sourceTree = "<group>"; };
		191ED28021DE3C9300A7472C /* Info.plist */ = {isa = PBXFileReference; lastKnownFileType = text.plist.xml; path = Info.plist; sourceTree = "<group>"; };
		191ED28121DE3C9300A7472C /* main.m */ = {isa = PBXFileReference; lastKnownFileType = sourcecode.c.objc; path = main.m; sourceTree = "<group>"; };
		191ED28721DE3C9300A7472C /* ex_segueTests.xctest */ = {isa = PBXFileReference; explicitFileType = wrapper.cfbundle; includeInIndex = 0; path = ex_segueTests.xctest; sourceTree = BUILT_PRODUCTS_DIR; };
		191ED28B21DE3C9300A7472C /* ex_segueTests.m */ = {isa = PBXFileReference; lastKnownFileType = sourcecode.c.objc; path = ex_segueTests.m; sourceTree = "<group>"; };
		191ED28D21DE3C9300A7472C /* Info.plist */ = {isa = PBXFileReference; lastKnownFileType = text.plist.xml; path = Info.plist; sourceTree = "<group>"; };
		191ED29221DE3C9300A7472C /* ex_segueUITests.xctest */ = {isa = PBXFileReference; explicitFileType = wrapper.cfbundle; includeInIndex = 0; path = ex_segueUITests.xctest; sourceTree = BUILT_PRODUCTS_DIR; };
		191ED29621DE3C9300A7472C /* ex_segueUITests.m */ = {isa = PBXFileReference; lastKnownFileType = sourcecode.c.objc; path = ex_segueUITests.m; sourceTree = "<group>"; };
		191ED29821DE3C9300A7472C /* Info.plist */ = {isa = PBXFileReference; lastKnownFileType = text.plist.xml; path = Info.plist; sourceTree = "<group>"; };
		191ED2A421DE3D4A00A7472C /* frog.png */ = {isa = PBXFileReference; lastKnownFileType = image.png; path = frog.png; sourceTree = "<group>"; };
		191ED2A521DE3D4A00A7472C /* house.png */ = {isa = PBXFileReference; lastKnownFileType = image.png; path = house.png; sourceTree = "<group>"; };
		191ED2A621DE3D4B00A7472C /* azarashi.png */ = {isa = PBXFileReference; lastKnownFileType = image.png; path = azarashi.png; sourceTree = "<group>"; };
		191ED2E821DE5FDC00A7472C /* AzarashiViewController.h */ = {isa = PBXFileReference; lastKnownFileType = sourcecode.c.h; path = AzarashiViewController.h; sourceTree = "<group>"; };
		191ED2E921DE5FDC00A7472C /* AzarashiViewController.m */ = {isa = PBXFileReference; lastKnownFileType = sourcecode.c.objc; path = AzarashiViewController.m; sourceTree = "<group>"; };
		191ED2EB21DE601800A7472C /* FrogViewController.h */ = {isa = PBXFileReference; lastKnownFileType = sourcecode.c.h; path = FrogViewController.h; sourceTree = "<group>"; };
		191ED2EC21DE601800A7472C /* FrogViewController.m */ = {isa = PBXFileReference; lastKnownFileType = sourcecode.c.objc; path = FrogViewController.m; sourceTree = "<group>"; };
/* End PBXFileReference section */

/* Begin PBXFrameworksBuildPhase section */
		191ED26C21DE3C9100A7472C /* Frameworks */ = {
			isa = PBXFrameworksBuildPhase;
			buildActionMask = 2147483647;
			files = (
			);
			runOnlyForDeploymentPostprocessing = 0;
		};
		191ED28421DE3C9300A7472C /* Frameworks */ = {
			isa = PBXFrameworksBuildPhase;
			buildActionMask = 2147483647;
			files = (
			);
			runOnlyForDeploymentPostprocessing = 0;
		};
		191ED28F21DE3C9300A7472C /* Frameworks */ = {
			isa = PBXFrameworksBuildPhase;
			buildActionMask = 2147483647;
			files = (
			);
			runOnlyForDeploymentPostprocessing = 0;
		};
/* End PBXFrameworksBuildPhase section */

/* Begin PBXGroup section */
		191ED26621DE3C9100A7472C = {
			isa = PBXGroup;
			children = (
				191ED27121DE3C9100A7472C /* ex_segue */,
				191ED28A21DE3C9300A7472C /* ex_segueTests */,
				191ED29521DE3C9300A7472C /* ex_segueUITests */,
				191ED27021DE3C9100A7472C /* Products */,
			);
			sourceTree = "<group>";
		};
		191ED27021DE3C9100A7472C /* Products */ = {
			isa = PBXGroup;
			children = (
				191ED26F21DE3C9100A7472C /* ex_segue.app */,
				191ED28721DE3C9300A7472C /* ex_segueTests.xctest */,
				191ED29221DE3C9300A7472C /* ex_segueUITests.xctest */,
			);
			name = Products;
			sourceTree = "<group>";
		};
		191ED27121DE3C9100A7472C /* ex_segue */ = {
			isa = PBXGroup;
			children = (
				191ED27221DE3C9100A7472C /* AppDelegate.h */,
				191ED27321DE3C9100A7472C /* AppDelegate.m */,
				191ED27521DE3C9100A7472C /* ViewController.h */,
				191ED27621DE3C9100A7472C /* ViewController.m */,
				191ED2E821DE5FDC00A7472C /* AzarashiViewController.h */,
				191ED2E921DE5FDC00A7472C /* AzarashiViewController.m */,
				191ED2EB21DE601800A7472C /* FrogViewController.h */,
				191ED2EC21DE601800A7472C /* FrogViewController.m */,
				191ED27821DE3C9100A7472C /* Main.storyboard */,
				191ED27B21DE3C9300A7472C /* Assets.xcassets */,
				191ED27D21DE3C9300A7472C /* LaunchScreen.storyboard */,
				191ED28021DE3C9300A7472C /* Info.plist */,
				191ED28121DE3C9300A7472C /* main.m */,
				191ED2A621DE3D4B00A7472C /* azarashi.png */,
				191ED2A421DE3D4A00A7472C /* frog.png */,
				191ED2A521DE3D4A00A7472C /* house.png */,
			);
			path = ex_segue;
			sourceTree = "<group>";
		};
		191ED28A21DE3C9300A7472C /* ex_segueTests */ = {
			isa = PBXGroup;
			children = (
				191ED28B21DE3C9300A7472C /* ex_segueTests.m */,
				191ED28D21DE3C9300A7472C /* Info.plist */,
			);
			path = ex_segueTests;
			sourceTree = "<group>";
		};
		191ED29521DE3C9300A7472C /* ex_segueUITests */ = {
			isa = PBXGroup;
			children = (
				191ED29621DE3C9300A7472C /* ex_segueUITests.m */,
				191ED29821DE3C9300A7472C /* Info.plist */,
			);
			path = ex_segueUITests;
			sourceTree = "<group>";
		};
/* End PBXGroup section */

/* Begin PBXNativeTarget section */
		191ED26E21DE3C9100A7472C /* ex_segue */ = {
			isa = PBXNativeTarget;
			buildConfigurationList = 191ED29B21DE3C9300A7472C /* Build configuration list for PBXNativeTarget "ex_segue" */;
			buildPhases = (
				191ED26B21DE3C9100A7472C /* Sources */,
				191ED26C21DE3C9100A7472C /* Frameworks */,
				191ED26D21DE3C9100A7472C /* Resources */,
			);
			buildRules = (
			);
			dependencies = (
			);
			name = ex_segue;
			productName = ex_segue;
			productReference = 191ED26F21DE3C9100A7472C /* ex_segue.app */;
			productType = "com.apple.product-type.application";
		};
		191ED28621DE3C9300A7472C /* ex_segueTests */ = {
			isa = PBXNativeTarget;
			buildConfigurationList = 191ED29E21DE3C9300A7472C /* Build configuration list for PBXNativeTarget "ex_segueTests" */;
			buildPhases = (
				191ED28321DE3C9300A7472C /* Sources */,
				191ED28421DE3C9300A7472C /* Frameworks */,
				191ED28521DE3C9300A7472C /* Resources */,
			);
			buildRules = (
			);
			dependencies = (
				191ED28921DE3C9300A7472C /* PBXTargetDependency */,
			);
			name = ex_segueTests;
			productName = ex_segueTests;
			productReference = 191ED28721DE3C9300A7472C /* ex_segueTests.xctest */;
			productType = "com.apple.product-type.bundle.unit-test";
		};
		191ED29121DE3C9300A7472C /* ex_segueUITests */ = {
			isa = PBXNativeTarget;
			buildConfigurationList = 191ED2A121DE3C9300A7472C /* Build configuration list for PBXNativeTarget "ex_segueUITests" */;
			buildPhases = (
				191ED28E21DE3C9300A7472C /* Sources */,
				191ED28F21DE3C9300A7472C /* Frameworks */,
				191ED29021DE3C9300A7472C /* Resources */,
			);
			buildRules = (
			);
			dependencies = (
				191ED29421DE3C9300A7472C /* PBXTargetDependency */,
			);
			name = ex_segueUITests;
			productName = ex_segueUITests;
			productReference = 191ED29221DE3C9300A7472C /* ex_segueUITests.xctest */;
			productType = "com.apple.product-type.bundle.ui-testing";
		};
/* End PBXNativeTarget section */

/* Begin PBXProject section */
		191ED26721DE3C9100A7472C /* Project object */ = {
			isa = PBXProject;
			attributes = {
				LastUpgradeCheck = 1010;
				ORGANIZATIONNAME = JunNakajima;
				TargetAttributes = {
					191ED26E21DE3C9100A7472C = {
						CreatedOnToolsVersion = 10.1;
					};
					191ED28621DE3C9300A7472C = {
						CreatedOnToolsVersion = 10.1;
						TestTargetID = 191ED26E21DE3C9100A7472C;
					};
					191ED29121DE3C9300A7472C = {
						CreatedOnToolsVersion = 10.1;
						TestTargetID = 191ED26E21DE3C9100A7472C;
					};
				};
			};
			buildConfigurationList = 191ED26A21DE3C9100A7472C /* Build configuration list for PBXProject "ex_segue" */;
			compatibilityVersion = "Xcode 9.3";
			developmentRegion = en;
			hasScannedForEncodings = 0;
			knownRegions = (
				en,
				Base,
			);
			mainGroup = 191ED26621DE3C9100A7472C;
			productRefGroup = 191ED27021DE3C9100A7472C /* Products */;
			projectDirPath = "";
			projectRoot = "";
			targets = (
				191ED26E21DE3C9100A7472C /* ex_segue */,
				191ED28621DE3C9300A7472C /* ex_segueTests */,
				191ED29121DE3C9300A7472C /* ex_segueUITests */,
			);
		};
/* End PBXProject section */

/* Begin PBXResourcesBuildPhase section */
		191ED26D21DE3C9100A7472C /* Resources */ = {
			isa = PBXResourcesBuildPhase;
			buildActionMask = 2147483647;
			files = (
				191ED27F21DE3C9300A7472C /* LaunchScreen.storyboard in Resources */,
				191ED2A721DE3D4B00A7472C /* frog.png in Resources */,
				191ED2A921DE3D4B00A7472C /* azarashi.png in Resources */,
				191ED2A821DE3D4B00A7472C /* house.png in Resources */,
				191ED27C21DE3C9300A7472C /* Assets.xcassets in Resources */,
				191ED27A21DE3C9100A7472C /* Main.storyboard in Resources */,
			);
			runOnlyForDeploymentPostprocessing = 0;
		};
		191ED28521DE3C9300A7472C /* Resources */ = {
			isa = PBXResourcesBuildPhase;
			buildActionMask = 2147483647;
			files = (
			);
			runOnlyForDeploymentPostprocessing = 0;
		};
		191ED29021DE3C9300A7472C /* Resources */ = {
			isa = PBXResourcesBuildPhase;
			buildActionMask = 2147483647;
			files = (
			);
			runOnlyForDeploymentPostprocessing = 0;
		};
/* End PBXResourcesBuildPhase section */

/* Begin PBXSourcesBuildPhase section */
		191ED26B21DE3C9100A7472C /* Sources */ = {
			isa = PBXSourcesBuildPhase;
			buildActionMask = 2147483647;
			files = (
				191ED27721DE3C9100A7472C /* ViewController.m in Sources */,
				191ED2ED21DE601800A7472C /* FrogViewController.m in Sources */,
				191ED2EA21DE5FDC00A7472C /* AzarashiViewController.m in Sources */,
				191ED28221DE3C9300A7472C /* main.m in Sources */,
				191ED27421DE3C9100A7472C /* AppDelegate.m in Sources */,
			);
			runOnlyForDeploymentPostprocessing = 0;
		};
		191ED28321DE3C9300A7472C /* Sources */ = {
			isa = PBXSourcesBuildPhase;
			buildActionMask = 2147483647;
			files = (
				191ED28C21DE3C9300A7472C /* ex_segueTests.m in Sources */,
			);
			runOnlyForDeploymentPostprocessing = 0;
		};
		191ED28E21DE3C9300A7472C /* Sources */ = {
			isa = PBXSourcesBuildPhase;
			buildActionMask = 2147483647;
			files = (
				191ED29721DE3C9300A7472C /* ex_segueUITests.m in Sources */,
			);
			runOnlyForDeploymentPostprocessing = 0;
		};
/* End PBXSourcesBuildPhase section */

/* Begin PBXTargetDependency section */
		191ED28921DE3C9300A7472C /* PBXTargetDependency */ = {
			isa = PBXTargetDependency;
			target = 191ED26E21DE3C9100A7472C /* ex_segue */;
			targetProxy = 191ED28821DE3C9300A7472C /* PBXContainerItemProxy */;
		};
		191ED29421DE3C9300A7472C /* PBXTargetDependency */ = {
			isa = PBXTargetDependency;
			target = 191ED26E21DE3C9100A7472C /* ex_segue */;
			targetProxy = 191ED29321DE3C9300A7472C /* PBXContainerItemProxy */;
		};
/* End PBXTargetDependency section */

/* Begin PBXVariantGroup section */
		191ED27821DE3C9100A7472C /* Main.storyboard */ = {
			isa = PBXVariantGroup;
			children = (
				191ED27921DE3C9100A7472C /* Base */,
			);
			name = Main.storyboard;
			sourceTree = "<group>";
		};
		191ED27D21DE3C9300A7472C /* LaunchScreen.storyboard */ = {
			isa = PBXVariantGroup;
			children = (
				191ED27E21DE3C9300A7472C /* Base */,
			);
			name = LaunchScreen.storyboard;
			sourceTree = "<group>";
		};
/* End PBXVariantGroup section */

/* Begin XCBuildConfiguration section */
		191ED29921DE3C9300A7472C /* Debug */ = {
			isa = XCBuildConfiguration;
			buildSettings = {
				ALWAYS_SEARCH_USER_PATHS = NO;
				CLANG_ANALYZER_NONNULL = YES;
				CLANG_ANALYZER_NUMBER_OBJECT_CONVERSION = YES_AGGRESSIVE;
				CLANG_CXX_LANGUAGE_STANDARD = "gnu++14";
				CLANG_CXX_LIBRARY = "libc++";
				CLANG_ENABLE_MODULES = YES;
				CLANG_ENABLE_OBJC_ARC = YES;
				CLANG_ENABLE_OBJC_WEAK = YES;
				CLANG_WARN_BLOCK_CAPTURE_AUTORELEASING = YES;
				CLANG_WARN_BOOL_CONVERSION = YES;
				CLANG_WARN_COMMA = YES;
				CLANG_WARN_CONSTANT_CONVERSION = YES;
				CLANG_WARN_DEPRECATED_OBJC_IMPLEMENTATIONS = YES;
				CLANG_WARN_DIRECT_OBJC_ISA_USAGE = YES_ERROR;
				CLANG_WARN_DOCUMENTATION_COMMENTS = YES;
				CLANG_WARN_EMPTY_BODY = YES;
				CLANG_WARN_ENUM_CONVERSION = YES;
				CLANG_WARN_INFINITE_RECURSION = YES;
				CLANG_WARN_INT_CONVERSION = YES;
				CLANG_WARN_NON_LITERAL_NULL_CONVERSION = YES;
				CLANG_WARN_OBJC_IMPLICIT_RETAIN_SELF = YES;
				CLANG_WARN_OBJC_LITERAL_CONVERSION = YES;
				CLANG_WARN_OBJC_ROOT_CLASS = YES_ERROR;
				CLANG_WARN_RANGE_LOOP_ANALYSIS = YES;
				CLANG_WARN_STRICT_PROTOTYPES = YES;
				CLANG_WARN_SUSPICIOUS_MOVE = YES;
				CLANG_WARN_UNGUARDED_AVAILABILITY = YES_AGGRESSIVE;
				CLANG_WARN_UNREACHABLE_CODE = YES;
				CLANG_WARN__DUPLICATE_METHOD_MATCH = YES;
				CODE_SIGN_IDENTITY = "iPhone Developer";
				COPY_PHASE_STRIP = NO;
				DEBUG_INFORMATION_FORMAT = dwarf;
				ENABLE_STRICT_OBJC_MSGSEND = YES;
				ENABLE_TESTABILITY = YES;
				GCC_C_LANGUAGE_STANDARD = gnu11;
				GCC_DYNAMIC_NO_PIC = NO;
				GCC_NO_COMMON_BLOCKS = YES;
				GCC_OPTIMIZATION_LEVEL = 0;
				GCC_PREPROCESSOR_DEFINITIONS = (
					"DEBUG=1",
					"$(inherited)",
				);
				GCC_WARN_64_TO_32_BIT_CONVERSION = YES;
				GCC_WARN_ABOUT_RETURN_TYPE = YES_ERROR;
				GCC_WARN_UNDECLARED_SELECTOR = YES;
				GCC_WARN_UNINITIALIZED_AUTOS = YES_AGGRESSIVE;
				GCC_WARN_UNUSED_FUNCTION = YES;
				GCC_WARN_UNUSED_VARIABLE = YES;
				IPHONEOS_DEPLOYMENT_TARGET = 12.1;
				MTL_ENABLE_DEBUG_INFO = INCLUDE_SOURCE;
				MTL_FAST_MATH = YES;
				ONLY_ACTIVE_ARCH = YES;
				SDKROOT = iphoneos;
			};
			name = Debug;
		};
		191ED29A21DE3C9300A7472C /* Release */ = {
			isa = XCBuildConfiguration;
			buildSettings = {
				ALWAYS_SEARCH_USER_PATHS = NO;
				CLANG_ANALYZER_NONNULL = YES;
				CLANG_ANALYZER_NUMBER_OBJECT_CONVERSION = YES_AGGRESSIVE;
				CLANG_CXX_LANGUAGE_STANDARD = "gnu++14";
				CLANG_CXX_LIBRARY = "libc++";
				CLANG_ENABLE_MODULES = YES;
				CLANG_ENABLE_OBJC_ARC = YES;
				CLANG_ENABLE_OBJC_WEAK = YES;
				CLANG_WARN_BLOCK_CAPTURE_AUTORELEASING = YES;
				CLANG_WARN_BOOL_CONVERSION = YES;
				CLANG_WARN_COMMA = YES;
				CLANG_WARN_CONSTANT_CONVERSION = YES;
				CLANG_WARN_DEPRECATED_OBJC_IMPLEMENTATIONS = YES;
				CLANG_WARN_DIRECT_OBJC_ISA_USAGE = YES_ERROR;
				CLANG_WARN_DOCUMENTATION_COMMENTS = YES;
				CLANG_WARN_EMPTY_BODY = YES;
				CLANG_WARN_ENUM_CONVERSION = YES;
				CLANG_WARN_INFINITE_RECURSION = YES;
				CLANG_WARN_INT_CONVERSION = YES;
				CLANG_WARN_NON_LITERAL_NULL_CONVERSION = YES;
				CLANG_WARN_OBJC_IMPLICIT_RETAIN_SELF = YES;
				CLANG_WARN_OBJC_LITERAL_CONVERSION = YES;
				CLANG_WARN_OBJC_ROOT_CLASS = YES_ERROR;
				CLANG_WARN_RANGE_LOOP_ANALYSIS = YES;
				CLANG_WARN_STRICT_PROTOTYPES = YES;
				CLANG_WARN_SUSPICIOUS_MOVE = YES;
				CLANG_WARN_UNGUARDED_AVAILABILITY = YES_AGGRESSIVE;
				CLANG_WARN_UNREACHABLE_CODE = YES;
				CLANG_WARN__DUPLICATE_METHOD_MATCH = YES;
				CODE_SIGN_IDENTITY = "iPhone Developer";
				COPY_PHASE_STRIP = NO;
				DEBUG_INFORMATION_FORMAT = "dwarf-with-dsym";
				ENABLE_NS_ASSERTIONS = NO;
				ENABLE_STRICT_OBJC_MSGSEND = YES;
				GCC_C_LANGUAGE_STANDARD = gnu11;
				GCC_NO_COMMON_BLOCKS = YES;
				GCC_WARN_64_TO_32_BIT_CONVERSION = YES;
				GCC_WARN_ABOUT_RETURN_TYPE = YES_ERROR;
				GCC_WARN_UNDECLARED_SELECTOR = YES;
				GCC_WARN_UNINITIALIZED_AUTOS = YES_AGGRESSIVE;
				GCC_WARN_UNUSED_FUNCTION = YES;
				GCC_WARN_UNUSED_VARIABLE = YES;
				IPHONEOS_DEPLOYMENT_TARGET = 12.1;
				MTL_ENABLE_DEBUG_INFO = NO;
				MTL_FAST_MATH = YES;
				SDKROOT = iphoneos;
				VALIDATE_PRODUCT = YES;
			};
			name = Release;
		};
		191ED29C21DE3C9300A7472C /* Debug */ = {
			isa = XCBuildConfiguration;
			buildSettings = {
				ASSETCATALOG_COMPILER_APPICON_NAME = AppIcon;
				CODE_SIGN_STYLE = Automatic;
				INFOPLIST_FILE = ex_segue/Info.plist;
				LD_RUNPATH_SEARCH_PATHS = (
					"$(inherited)",
					"@executable_path/Frameworks",
				);
				PRODUCT_BUNDLE_IDENTIFIER = "com.junnakajima.ex-segue";
				PRODUCT_NAME = "$(TARGET_NAME)";
				TARGETED_DEVICE_FAMILY = "1,2";
			};
			name = Debug;
		};
		191ED29D21DE3C9300A7472C /* Release */ = {
			isa = XCBuildConfiguration;
			buildSettings = {
				ASSETCATALOG_COMPILER_APPICON_NAME = AppIcon;
				CODE_SIGN_STYLE = Automatic;
				INFOPLIST_FILE = ex_segue/Info.plist;
				LD_RUNPATH_SEARCH_PATHS = (
					"$(inherited)",
					"@executable_path/Frameworks",
				);
				PRODUCT_BUNDLE_IDENTIFIER = "com.junnakajima.ex-segue";
				PRODUCT_NAME = "$(TARGET_NAME)";
				TARGETED_DEVICE_FAMILY = "1,2";
			};
			name = Release;
		};
		191ED29F21DE3C9300A7472C /* Debug */ = {
			isa = XCBuildConfiguration;
			buildSettings = {
				BUNDLE_LOADER = "$(TEST_HOST)";
				CODE_SIGN_STYLE = Automatic;
				INFOPLIST_FILE = ex_segueTests/Info.plist;
				LD_RUNPATH_SEARCH_PATHS = (
					"$(inherited)",
					"@executable_path/Frameworks",
					"@loader_path/Frameworks",
				);
				PRODUCT_BUNDLE_IDENTIFIER = "com.junnakajima.ex-segueTests";
				PRODUCT_NAME = "$(TARGET_NAME)";
				TARGETED_DEVICE_FAMILY = "1,2";
				TEST_HOST = "$(BUILT_PRODUCTS_DIR)/ex_segue.app/ex_segue";
			};
			name = Debug;
		};
		191ED2A021DE3C9300A7472C /* Release */ = {
			isa = XCBuildConfiguration;
			buildSettings = {
				BUNDLE_LOADER = "$(TEST_HOST)";
				CODE_SIGN_STYLE = Automatic;
				INFOPLIST_FILE = ex_segueTests/Info.plist;
				LD_RUNPATH_SEARCH_PATHS = (
					"$(inherited)",
					"@executable_path/Frameworks",
					"@loader_path/Frameworks",
				);
				PRODUCT_BUNDLE_IDENTIFIER = "com.junnakajima.ex-segueTests";
				PRODUCT_NAME = "$(TARGET_NAME)";
				TARGETED_DEVICE_FAMILY = "1,2";
				TEST_HOST = "$(BUILT_PRODUCTS_DIR)/ex_segue.app/ex_segue";
			};
			name = Release;
		};
		191ED2A221DE3C9300A7472C /* Debug */ = {
			isa = XCBuildConfiguration;
			buildSettings = {
				CODE_SIGN_STYLE = Automatic;
				INFOPLIST_FILE = ex_segueUITests/Info.plist;
				LD_RUNPATH_SEARCH_PATHS = (
					"$(inherited)",
					"@executable_path/Frameworks",
					"@loader_path/Frameworks",
				);
				PRODUCT_BUNDLE_IDENTIFIER = "com.junnakajima.ex-segueUITests";
				PRODUCT_NAME = "$(TARGET_NAME)";
				TARGETED_DEVICE_FAMILY = "1,2";
				TEST_TARGET_NAME = ex_segue;
			};
			name = Debug;
		};
		191ED2A321DE3C9300A7472C /* Release */ = {
			isa = XCBuildConfiguration;
			buildSettings = {
				CODE_SIGN_STYLE = Automatic;
				INFOPLIST_FILE = ex_segueUITests/Info.plist;
				LD_RUNPATH_SEARCH_PATHS = (
					"$(inherited)",
					"@executable_path/Frameworks",
					"@loader_path/Frameworks",
				);
				PRODUCT_BUNDLE_IDENTIFIER = "com.junnakajima.ex-segueUITests";
				PRODUCT_NAME = "$(TARGET_NAME)";
				TARGETED_DEVICE_FAMILY = "1,2";
				TEST_TARGET_NAME = ex_segue;
			};
			name = Release;
		};
/* End XCBuildConfiguration section */

/* Begin XCConfigurationList section */
		191ED26A21DE3C9100A7472C /* Build configuration list for PBXProject "ex_segue" */ = {
			isa = XCConfigurationList;
			buildConfigurations = (
				191ED29921DE3C9300A7472C /* Debug */,
				191ED29A21DE3C9300A7472C /* Release */,
			);
			defaultConfigurationIsVisible = 0;
			defaultConfigurationName = Release;
		};
		191ED29B21DE3C9300A7472C /* Build configuration list for PBXNativeTarget "ex_segue" */ = {
			isa = XCConfigurationList;
			buildConfigurations = (
				191ED29C21DE3C9300A7472C /* Debug */,
				191ED29D21DE3C9300A7472C /* Release */,
			);
			defaultConfigurationIsVisible = 0;
			defaultConfigurationName = Release;
		};
		191ED29E21DE3C9300A7472C /* Build configuration list for PBXNativeTarget "ex_segueTests" */ = {
			isa = XCConfigurationList;
			buildConfigurations = (
				191ED29F21DE3C9300A7472C /* Debug */,
				191ED2A021DE3C9300A7472C /* Release */,
			);
			defaultConfigurationIsVisible = 0;
			defaultConfigurationName = Release;
		};
		191ED2A121DE3C9300A7472C /* Build configuration list for PBXNativeTarget "ex_segueUITests" */ = {
			isa = XCConfigurationList;
			buildConfigurations = (
				191ED2A221DE3C9300A7472C /* Debug */,
				191ED2A321DE3C9300A7472C /* Release */,
			);
			defaultConfigurationIsVisible = 0;
			defaultConfigurationName = Release;
		};
/* End XCConfigurationList section */
	};
	rootObject = 191ED26721DE3C9100A7472C /* Project object */;
}
