// !$*UTF8*$!
{
	archiveVersion = 1;
	classes = {
	};
	objectVersion = 50;
	objects = {

/* Begin PBXBuildFile section */
		19EC694721DE04E2007A9A99 /* AppDelegate.m in Sources */ = {isa = PBXBuildFile; fileRef = 19EC694621DE04E2007A9A99 /* AppDelegate.m */; };
		19EC694A21DE04E2007A9A99 /* ViewController.m in Sources */ = {isa = PBXBuildFile; fileRef = 19EC694921DE04E2007A9A99 /* ViewController.m */; };
		19EC694D21DE04E2007A9A99 /* Main.storyboard in Resources */ = {isa = PBXBuildFile; fileRef = 19EC694B21DE04E2007A9A99 /* Main.storyboard */; };
		19EC694F21DE04E4007A9A99 /* Assets.xcassets in Resources */ = {isa = PBXBuildFile; fileRef = 19EC694E21DE04E4007A9A99 /* Assets.xcassets */; };
		19EC695221DE04E4007A9A99 /* LaunchScreen.storyboard in Resources */ = {isa = PBXBuildFile; fileRef = 19EC695021DE04E4007A9A99 /* LaunchScreen.storyboard */; };
		19EC695521DE04E4007A9A99 /* main.m in Sources */ = {isa = PBXBuildFile; fileRef = 19EC695421DE04E4007A9A99 /* main.m */; };
		19EC695F21DE04E4007A9A99 /* ex_keyFrameAnimationTests.m in Sources */ = {isa = PBXBuildFile; fileRef = 19EC695E21DE04E4007A9A99 /* ex_keyFrameAnimationTests.m */; };
		19EC696A21DE04E4007A9A99 /* ex_keyFrameAnimationUITests.m in Sources */ = {isa = PBXBuildFile; fileRef = 19EC696921DE04E4007A9A99 /* ex_keyFrameAnimationUITests.m */; };
/* End PBXBuildFile section */

/* Begin PBXContainerItemProxy section */
		19EC695B21DE04E4007A9A99 /* PBXContainerItemProxy */ = {
			isa = PBXContainerItemProxy;
			containerPortal = 19EC693A21DE04E2007A9A99 /* Project object */;
			proxyType = 1;
			remoteGlobalIDString = 19EC694121DE04E2007A9A99;
			remoteInfo = ex_keyFrameAnimation;
		};
		19EC696621DE04E4007A9A99 /* PBXContainerItemProxy */ = {
			isa = PBXContainerItemProxy;
			containerPortal = 19EC693A21DE04E2007A9A99 /* Project object */;
			proxyType = 1;
			remoteGlobalIDString = 19EC694121DE04E2007A9A99;
			remoteInfo = ex_keyFrameAnimation;
		};
/* End PBXContainerItemProxy section */

/* Begin PBXFileReference section */
		19EC694221DE04E2007A9A99 /* ex_keyFrameAnimation.app */ = {isa = PBXFileReference; explicitFileType = wrapper.application; includeInIndex = 0; path = ex_keyFrameAnimation.app; sourceTree = BUILT_PRODUCTS_DIR; };
		19EC694521DE04E2007A9A99 /* AppDelegate.h */ = {isa = PBXFileReference; lastKnownFileType = sourcecode.c.h; path = AppDelegate.h; sourceTree = "<group>"; };
		19EC694621DE04E2007A9A99 /* AppDelegate.m */ = {isa = PBXFileReference; lastKnownFileType = sourcecode.c.objc; path = AppDelegate.m; sourceTree = "<group>"; };
		19EC694821DE04E2007A9A99 /* ViewController.h */ = {isa = PBXFileReference; lastKnownFileType = sourcecode.c.h; path = ViewController.h; sourceTree = "<group>"; };
		19EC694921DE04E2007A9A99 /* ViewController.m */ = {isa = PBXFileReference; lastKnownFileType = sourcecode.c.objc; path = ViewController.m; sourceTree = "<group>"; };
		19EC694C21DE04E2007A9A99 /* Base */ = {isa = PBXFileReference; lastKnownFileType = file.storyboard; name = Base; path = Base.lproj/Main.storyboard; sourceTree = "<group>"; };
		19EC694E21DE04E4007A9A99 /* Assets.xcassets */ = {isa = PBXFileReference; lastKnownFileType = folder.assetcatalog; path = Assets.xcassets; sourceTree = "<group>"; };
		19EC695121DE04E4007A9A99 /* Base */ = {isa = PBXFileReference; lastKnownFileType = file.storyboard; name = Base; path = Base.lproj/LaunchScreen.storyboard; sourceTree = "<group>"; };
		19EC695321DE04E4007A9A99 /* Info.plist */ = {isa = PBXFileReference; lastKnownFileType = text.plist.xml; path = Info.plist; sourceTree = "<group>"; };
		19EC695421DE04E4007A9A99 /* main.m */ = {isa = PBXFileReference; lastKnownFileType = sourcecode.c.objc; path = main.m; sourceTree = "<group>"; };
		19EC695A21DE04E4007A9A99 /* ex_keyFrameAnimationTests.xctest */ = {isa = PBXFileReference; explicitFileType = wrapper.cfbundle; includeInIndex = 0; path = ex_keyFrameAnimationTests.xctest; sourceTree = BUILT_PRODUCTS_DIR; };
		19EC695E21DE04E4007A9A99 /* ex_keyFrameAnimationTests.m */ = {isa = PBXFileReference; lastKnownFileType = sourcecode.c.objc; path = ex_keyFrameAnimationTests.m; sourceTree = "<group>"; };
		19EC696021DE04E4007A9A99 /* Info.plist */ = {isa = PBXFileReference; lastKnownFileType = text.plist.xml; path = Info.plist; sourceTree = "<group>"; };
		19EC696521DE04E4007A9A99 /* ex_keyFrameAnimationUITests.xctest */ = {isa = PBXFileReference; explicitFileType = wrapper.cfbundle; includeInIndex = 0; path = ex_keyFrameAnimationUITests.xctest; sourceTree = BUILT_PRODUCTS_DIR; };
		19EC696921DE04E4007A9A99 /* ex_keyFrameAnimationUITests.m */ = {isa = PBXFileReference; lastKnownFileType = sourcecode.c.objc; path = ex_keyFrameAnimationUITests.m; sourceTree = "<group>"; };
		19EC696B21DE04E4007A9A99 /* Info.plist */ = {isa = PBXFileReference; lastKnownFileType = text.plist.xml; path = Info.plist; sourceTree = "<group>"; };
/* End PBXFileReference section */

/* Begin PBXFrameworksBuildPhase section */
		19EC693F21DE04E2007A9A99 /* Frameworks */ = {
			isa = PBXFrameworksBuildPhase;
			buildActionMask = 2147483647;
			files = (
			);
			runOnlyForDeploymentPostprocessing = 0;
		};
		19EC695721DE04E4007A9A99 /* Frameworks */ = {
			isa = PBXFrameworksBuildPhase;
			buildActionMask = 2147483647;
			files = (
			);
			runOnlyForDeploymentPostprocessing = 0;
		};
		19EC696221DE04E4007A9A99 /* Frameworks */ = {
			isa = PBXFrameworksBuildPhase;
			buildActionMask = 2147483647;
			files = (
			);
			runOnlyForDeploymentPostprocessing = 0;
		};
/* End PBXFrameworksBuildPhase section */

/* Begin PBXGroup section */
		19EC693921DE04E2007A9A99 = {
			isa = PBXGroup;
			children = (
				19EC694421DE04E2007A9A99 /* ex_keyFrameAnimation */,
				19EC695D21DE04E4007A9A99 /* ex_keyFrameAnimationTests */,
				19EC696821DE04E4007A9A99 /* ex_keyFrameAnimationUITests */,
				19EC694321DE04E2007A9A99 /* Products */,
			);
			sourceTree = "<group>";
		};
		19EC694321DE04E2007A9A99 /* Products */ = {
			isa = PBXGroup;
			children = (
				19EC694221DE04E2007A9A99 /* ex_keyFrameAnimation.app */,
				19EC695A21DE04E4007A9A99 /* ex_keyFrameAnimationTests.xctest */,
				19EC696521DE04E4007A9A99 /* ex_keyFrameAnimationUITests.xctest */,
			);
			name = Products;
			sourceTree = "<group>";
		};
		19EC694421DE04E2007A9A99 /* ex_keyFrameAnimation */ = {
			isa = PBXGroup;
			children = (
				19EC694521DE04E2007A9A99 /* AppDelegate.h */,
				19EC694621DE04E2007A9A99 /* AppDelegate.m */,
				19EC694821DE04E2007A9A99 /* ViewController.h */,
				19EC694921DE04E2007A9A99 /* ViewController.m */,
				19EC694B21DE04E2007A9A99 /* Main.storyboard */,
				19EC694E21DE04E4007A9A99 /* Assets.xcassets */,
				19EC695021DE04E4007A9A99 /* LaunchScreen.storyboard */,
				19EC695321DE04E4007A9A99 /* Info.plist */,
				19EC695421DE04E4007A9A99 /* main.m */,
			);
			path = ex_keyFrameAnimation;
			sourceTree = "<group>";
		};
		19EC695D21DE04E4007A9A99 /* ex_keyFrameAnimationTests */ = {
			isa = PBXGroup;
			children = (
				19EC695E21DE04E4007A9A99 /* ex_keyFrameAnimationTests.m */,
				19EC696021DE04E4007A9A99 /* Info.plist */,
			);
			path = ex_keyFrameAnimationTests;
			sourceTree = "<group>";
		};
		19EC696821DE04E4007A9A99 /* ex_keyFrameAnimationUITests */ = {
			isa = PBXGroup;
			children = (
				19EC696921DE04E4007A9A99 /* ex_keyFrameAnimationUITests.m */,
				19EC696B21DE04E4007A9A99 /* Info.plist */,
			);
			path = ex_keyFrameAnimationUITests;
			sourceTree = "<group>";
		};
/* End PBXGroup section */

/* Begin PBXNativeTarget section */
		19EC694121DE04E2007A9A99 /* ex_keyFrameAnimation */ = {
			isa = PBXNativeTarget;
			buildConfigurationList = 19EC696E21DE04E4007A9A99 /* Build configuration list for PBXNativeTarget "ex_keyFrameAnimation" */;
			buildPhases = (
				19EC693E21DE04E2007A9A99 /* Sources */,
				19EC693F21DE04E2007A9A99 /* Frameworks */,
				19EC694021DE04E2007A9A99 /* Resources */,
			);
			buildRules = (
			);
			dependencies = (
			);
			name = ex_keyFrameAnimation;
			productName = ex_keyFrameAnimation;
			productReference = 19EC694221DE04E2007A9A99 /* ex_keyFrameAnimation.app */;
			productType = "com.apple.product-type.application";
		};
		19EC695921DE04E4007A9A99 /* ex_keyFrameAnimationTests */ = {
			isa = PBXNativeTarget;
			buildConfigurationList = 19EC697121DE04E4007A9A99 /* Build configuration list for PBXNativeTarget "ex_keyFrameAnimationTests" */;
			buildPhases = (
				19EC695621DE04E4007A9A99 /* Sources */,
				19EC695721DE04E4007A9A99 /* Frameworks */,
				19EC695821DE04E4007A9A99 /* Resources */,
			);
			buildRules = (
			);
			dependencies = (
				19EC695C21DE04E4007A9A99 /* PBXTargetDependency */,
			);
			name = ex_keyFrameAnimationTests;
			productName = ex_keyFrameAnimationTests;
			productReference = 19EC695A21DE04E4007A9A99 /* ex_keyFrameAnimationTests.xctest */;
			productType = "com.apple.product-type.bundle.unit-test";
		};
		19EC696421DE04E4007A9A99 /* ex_keyFrameAnimationUITests */ = {
			isa = PBXNativeTarget;
			buildConfigurationList = 19EC697421DE04E4007A9A99 /* Build configuration list for PBXNativeTarget "ex_keyFrameAnimationUITests" */;
			buildPhases = (
				19EC696121DE04E4007A9A99 /* Sources */,
				19EC696221DE04E4007A9A99 /* Frameworks */,
				19EC696321DE04E4007A9A99 /* Resources */,
			);
			buildRules = (
			);
			dependencies = (
				19EC696721DE04E4007A9A99 /* PBXTargetDependency */,
			);
			name = ex_keyFrameAnimationUITests;
			productName = ex_keyFrameAnimationUITests;
			productReference = 19EC696521DE04E4007A9A99 /* ex_keyFrameAnimationUITests.xctest */;
			productType = "com.apple.product-type.bundle.ui-testing";
		};
/* End PBXNativeTarget section */

/* Begin PBXProject section */
		19EC693A21DE04E2007A9A99 /* Project object */ = {
			isa = PBXProject;
			attributes = {
				LastUpgradeCheck = 1010;
				ORGANIZATIONNAME = JunNakajima;
				TargetAttributes = {
					19EC694121DE04E2007A9A99 = {
						CreatedOnToolsVersion = 10.1;
					};
					19EC695921DE04E4007A9A99 = {
						CreatedOnToolsVersion = 10.1;
						TestTargetID = 19EC694121DE04E2007A9A99;
					};
					19EC696421DE04E4007A9A99 = {
						CreatedOnToolsVersion = 10.1;
						TestTargetID = 19EC694121DE04E2007A9A99;
					};
				};
			};
			buildConfigurationList = 19EC693D21DE04E2007A9A99 /* Build configuration list for PBXProject "ex_keyFrameAnimation" */;
			compatibilityVersion = "Xcode 9.3";
			developmentRegion = en;
			hasScannedForEncodings = 0;
			knownRegions = (
				en,
				Base,
			);
			mainGroup = 19EC693921DE04E2007A9A99;
			productRefGroup = 19EC694321DE04E2007A9A99 /* Products */;
			projectDirPath = "";
			projectRoot = "";
			targets = (
				19EC694121DE04E2007A9A99 /* ex_keyFrameAnimation */,
				19EC695921DE04E4007A9A99 /* ex_keyFrameAnimationTests */,
				19EC696421DE04E4007A9A99 /* ex_keyFrameAnimationUITests */,
			);
		};
/* End PBXProject section */

/* Begin PBXResourcesBuildPhase section */
		19EC694021DE04E2007A9A99 /* Resources */ = {
			isa = PBXResourcesBuildPhase;
			buildActionMask = 2147483647;
			files = (
				19EC695221DE04E4007A9A99 /* LaunchScreen.storyboard in Resources */,
				19EC694F21DE04E4007A9A99 /* Assets.xcassets in Resources */,
				19EC694D21DE04E2007A9A99 /* Main.storyboard in Resources */,
			);
			runOnlyForDeploymentPostprocessing = 0;
		};
		19EC695821DE04E4007A9A99 /* Resources */ = {
			isa = PBXResourcesBuildPhase;
			buildActionMask = 2147483647;
			files = (
			);
			runOnlyForDeploymentPostprocessing = 0;
		};
		19EC696321DE04E4007A9A99 /* Resources */ = {
			isa = PBXResourcesBuildPhase;
			buildActionMask = 2147483647;
			files = (
			);
			runOnlyForDeploymentPostprocessing = 0;
		};
/* End PBXResourcesBuildPhase section */

/* Begin PBXSourcesBuildPhase section */
		19EC693E21DE04E2007A9A99 /* Sources */ = {
			isa = PBXSourcesBuildPhase;
			buildActionMask = 2147483647;
			files = (
				19EC694A21DE04E2007A9A99 /* ViewController.m in Sources */,
				19EC695521DE04E4007A9A99 /* main.m in Sources */,
				19EC694721DE04E2007A9A99 /* AppDelegate.m in Sources */,
			);
			runOnlyForDeploymentPostprocessing = 0;
		};
		19EC695621DE04E4007A9A99 /* Sources */ = {
			isa = PBXSourcesBuildPhase;
			buildActionMask = 2147483647;
			files = (
				19EC695F21DE04E4007A9A99 /* ex_keyFrameAnimationTests.m in Sources */,
			);
			runOnlyForDeploymentPostprocessing = 0;
		};
		19EC696121DE04E4007A9A99 /* Sources */ = {
			isa = PBXSourcesBuildPhase;
			buildActionMask = 2147483647;
			files = (
				19EC696A21DE04E4007A9A99 /* ex_keyFrameAnimationUITests.m in Sources */,
			);
			runOnlyForDeploymentPostprocessing = 0;
		};
/* End PBXSourcesBuildPhase section */

/* Begin PBXTargetDependency section */
		19EC695C21DE04E4007A9A99 /* PBXTargetDependency */ = {
			isa = PBXTargetDependency;
			target = 19EC694121DE04E2007A9A99 /* ex_keyFrameAnimation */;
			targetProxy = 19EC695B21DE04E4007A9A99 /* PBXContainerItemProxy */;
		};
		19EC696721DE04E4007A9A99 /* PBXTargetDependency */ = {
			isa = PBXTargetDependency;
			target = 19EC694121DE04E2007A9A99 /* ex_keyFrameAnimation */;
			targetProxy = 19EC696621DE04E4007A9A99 /* PBXContainerItemProxy */;
		};
/* End PBXTargetDependency section */

/* Begin PBXVariantGroup section */
		19EC694B21DE04E2007A9A99 /* Main.storyboard */ = {
			isa = PBXVariantGroup;
			children = (
				19EC694C21DE04E2007A9A99 /* Base */,
			);
			name = Main.storyboard;
			sourceTree = "<group>";
		};
		19EC695021DE04E4007A9A99 /* LaunchScreen.storyboard */ = {
			isa = PBXVariantGroup;
			children = (
				19EC695121DE04E4007A9A99 /* Base */,
			);
			name = LaunchScreen.storyboard;
			sourceTree = "<group>";
		};
/* End PBXVariantGroup section */

/* Begin XCBuildConfiguration section */
		19EC696C21DE04E4007A9A99 /* Debug */ = {
			isa = XCBuildConfiguration;
			buildSettings = {
				ALWAYS_SEARCH_USER_PATHS = NO;
				CLANG_ANALYZER_NONNULL = YES;
				CLANG_ANALYZER_NUMBER_OBJECT_CONVERSION = YES_AGGRESSIVE;
				CLANG_CXX_LANGUAGE_STANDARD = "gnu++14";
				CLANG_CXX_LIBRARY = "libc++";
				CLANG_ENABLE_MODULES = YES;
				CLANG_ENABLE_OBJC_ARC = YES;
				CLANG_ENABLE_OBJC_WEAK = YES;
				CLANG_WARN_BLOCK_CAPTURE_AUTORELEASING = YES;
				CLANG_WARN_BOOL_CONVERSION = YES;
				CLANG_WARN_COMMA = YES;
				CLANG_WARN_CONSTANT_CONVERSION = YES;
				CLANG_WARN_DEPRECATED_OBJC_IMPLEMENTATIONS = YES;
				CLANG_WARN_DIRECT_OBJC_ISA_USAGE = YES_ERROR;
				CLANG_WARN_DOCUMENTATION_COMMENTS = YES;
				CLANG_WARN_EMPTY_BODY = YES;
				CLANG_WARN_ENUM_CONVERSION = YES;
				CLANG_WARN_INFINITE_RECURSION = YES;
				CLANG_WARN_INT_CONVERSION = YES;
				CLANG_WARN_NON_LITERAL_NULL_CONVERSION = YES;
				CLANG_WARN_OBJC_IMPLICIT_RETAIN_SELF = YES;
				CLANG_WARN_OBJC_LITERAL_CONVERSION = YES;
				CLANG_WARN_OBJC_ROOT_CLASS = YES_ERROR;
				CLANG_WARN_RANGE_LOOP_ANALYSIS = YES;
				CLANG_WARN_STRICT_PROTOTYPES = YES;
				CLANG_WARN_SUSPICIOUS_MOVE = YES;
				CLANG_WARN_UNGUARDED_AVAILABILITY = YES_AGGRESSIVE;
				CLANG_WARN_UNREACHABLE_CODE = YES;
				CLANG_WARN__DUPLICATE_METHOD_MATCH = YES;
				CODE_SIGN_IDENTITY = "iPhone Developer";
				COPY_PHASE_STRIP = NO;
				DEBUG_INFORMATION_FORMAT = dwarf;
				ENABLE_STRICT_OBJC_MSGSEND = YES;
				ENABLE_TESTABILITY = YES;
				GCC_C_LANGUAGE_STANDARD = gnu11;
				GCC_DYNAMIC_NO_PIC = NO;
				GCC_NO_COMMON_BLOCKS = YES;
				GCC_OPTIMIZATION_LEVEL = 0;
				GCC_PREPROCESSOR_DEFINITIONS = (
					"DEBUG=1",
					"$(inherited)",
				);
				GCC_WARN_64_TO_32_BIT_CONVERSION = YES;
				GCC_WARN_ABOUT_RETURN_TYPE = YES_ERROR;
				GCC_WARN_UNDECLARED_SELECTOR = YES;
				GCC_WARN_UNINITIALIZED_AUTOS = YES_AGGRESSIVE;
				GCC_WARN_UNUSED_FUNCTION = YES;
				GCC_WARN_UNUSED_VARIABLE = YES;
				IPHONEOS_DEPLOYMENT_TARGET = 12.1;
				MTL_ENABLE_DEBUG_INFO = INCLUDE_SOURCE;
				MTL_FAST_MATH = YES;
				ONLY_ACTIVE_ARCH = YES;
				SDKROOT = iphoneos;
			};
			name = Debug;
		};
		19EC696D21DE04E4007A9A99 /* Release */ = {
			isa = XCBuildConfiguration;
			buildSettings = {
				ALWAYS_SEARCH_USER_PATHS = NO;
				CLANG_ANALYZER_NONNULL = YES;
				CLANG_ANALYZER_NUMBER_OBJECT_CONVERSION = YES_AGGRESSIVE;
				CLANG_CXX_LANGUAGE_STANDARD = "gnu++14";
				CLANG_CXX_LIBRARY = "libc++";
				CLANG_ENABLE_MODULES = YES;
				CLANG_ENABLE_OBJC_ARC = YES;
				CLANG_ENABLE_OBJC_WEAK = YES;
				CLANG_WARN_BLOCK_CAPTURE_AUTORELEASING = YES;
				CLANG_WARN_BOOL_CONVERSION = YES;
				CLANG_WARN_COMMA = YES;
				CLANG_WARN_CONSTANT_CONVERSION = YES;
				CLANG_WARN_DEPRECATED_OBJC_IMPLEMENTATIONS = YES;
				CLANG_WARN_DIRECT_OBJC_ISA_USAGE = YES_ERROR;
				CLANG_WARN_DOCUMENTATION_COMMENTS = YES;
				CLANG_WARN_EMPTY_BODY = YES;
				CLANG_WARN_ENUM_CONVERSION = YES;
				CLANG_WARN_INFINITE_RECURSION = YES;
				CLANG_WARN_INT_CONVERSION = YES;
				CLANG_WARN_NON_LITERAL_NULL_CONVERSION = YES;
				CLANG_WARN_OBJC_IMPLICIT_RETAIN_SELF = YES;
				CLANG_WARN_OBJC_LITERAL_CONVERSION = YES;
				CLANG_WARN_OBJC_ROOT_CLASS = YES_ERROR;
				CLANG_WARN_RANGE_LOOP_ANALYSIS = YES;
				CLANG_WARN_STRICT_PROTOTYPES = YES;
				CLANG_WARN_SUSPICIOUS_MOVE = YES;
				CLANG_WARN_UNGUARDED_AVAILABILITY = YES_AGGRESSIVE;
				CLANG_WARN_UNREACHABLE_CODE = YES;
				CLANG_WARN__DUPLICATE_METHOD_MATCH = YES;
				CODE_SIGN_IDENTITY = "iPhone Developer";
				COPY_PHASE_STRIP = NO;
				DEBUG_INFORMATION_FORMAT = "dwarf-with-dsym";
				ENABLE_NS_ASSERTIONS = NO;
				ENABLE_STRICT_OBJC_MSGSEND = YES;
				GCC_C_LANGUAGE_STANDARD = gnu11;
				GCC_NO_COMMON_BLOCKS = YES;
				GCC_WARN_64_TO_32_BIT_CONVERSION = YES;
				GCC_WARN_ABOUT_RETURN_TYPE = YES_ERROR;
				GCC_WARN_UNDECLARED_SELECTOR = YES;
				GCC_WARN_UNINITIALIZED_AUTOS = YES_AGGRESSIVE;
				GCC_WARN_UNUSED_FUNCTION = YES;
				GCC_WARN_UNUSED_VARIABLE = YES;
				IPHONEOS_DEPLOYMENT_TARGET = 12.1;
				MTL_ENABLE_DEBUG_INFO = NO;
				MTL_FAST_MATH = YES;
				SDKROOT = iphoneos;
				VALIDATE_PRODUCT = YES;
			};
			name = Release;
		};
		19EC696F21DE04E4007A9A99 /* Debug */ = {
			isa = XCBuildConfiguration;
			buildSettings = {
				ASSETCATALOG_COMPILER_APPICON_NAME = AppIcon;
				CODE_SIGN_STYLE = Automatic;
				INFOPLIST_FILE = ex_keyFrameAnimation/Info.plist;
				LD_RUNPATH_SEARCH_PATHS = (
					"$(inherited)",
					"@executable_path/Frameworks",
				);
				PRODUCT_BUNDLE_IDENTIFIER = "com.junnakajima.ex-keyFrameAnimation";
				PRODUCT_NAME = "$(TARGET_NAME)";
				TARGETED_DEVICE_FAMILY = "1,2";
			};
			name = Debug;
		};
		19EC697021DE04E4007A9A99 /* Release */ = {
			isa = XCBuildConfiguration;
			buildSettings = {
				ASSETCATALOG_COMPILER_APPICON_NAME = AppIcon;
				CODE_SIGN_STYLE = Automatic;
				INFOPLIST_FILE = ex_keyFrameAnimation/Info.plist;
				LD_RUNPATH_SEARCH_PATHS = (
					"$(inherited)",
					"@executable_path/Frameworks",
				);
				PRODUCT_BUNDLE_IDENTIFIER = "com.junnakajima.ex-keyFrameAnimation";
				PRODUCT_NAME = "$(TARGET_NAME)";
				TARGETED_DEVICE_FAMILY = "1,2";
			};
			name = Release;
		};
		19EC697221DE04E4007A9A99 /* Debug */ = {
			isa = XCBuildConfiguration;
			buildSettings = {
				BUNDLE_LOADER = "$(TEST_HOST)";
				CODE_SIGN_STYLE = Automatic;
				INFOPLIST_FILE = ex_keyFrameAnimationTests/Info.plist;
				LD_RUNPATH_SEARCH_PATHS = (
					"$(inherited)",
					"@executable_path/Frameworks",
					"@loader_path/Frameworks",
				);
				PRODUCT_BUNDLE_IDENTIFIER = "com.junnakajima.ex-keyFrameAnimationTests";
				PRODUCT_NAME = "$(TARGET_NAME)";
				TARGETED_DEVICE_FAMILY = "1,2";
				TEST_HOST = "$(BUILT_PRODUCTS_DIR)/ex_keyFrameAnimation.app/ex_keyFrameAnimation";
			};
			name = Debug;
		};
		19EC697321DE04E4007A9A99 /* Release */ = {
			isa = XCBuildConfiguration;
			buildSettings = {
				BUNDLE_LOADER = "$(TEST_HOST)";
				CODE_SIGN_STYLE = Automatic;
				INFOPLIST_FILE = ex_keyFrameAnimationTests/Info.plist;
				LD_RUNPATH_SEARCH_PATHS = (
					"$(inherited)",
					"@executable_path/Frameworks",
					"@loader_path/Frameworks",
				);
				PRODUCT_BUNDLE_IDENTIFIER = "com.junnakajima.ex-keyFrameAnimationTests";
				PRODUCT_NAME = "$(TARGET_NAME)";
				TARGETED_DEVICE_FAMILY = "1,2";
				TEST_HOST = "$(BUILT_PRODUCTS_DIR)/ex_keyFrameAnimation.app/ex_keyFrameAnimation";
			};
			name = Release;
		};
		19EC697521DE04E4007A9A99 /* Debug */ = {
			isa = XCBuildConfiguration;
			buildSettings = {
				CODE_SIGN_STYLE = Automatic;
				INFOPLIST_FILE = ex_keyFrameAnimationUITests/Info.plist;
				LD_RUNPATH_SEARCH_PATHS = (
					"$(inherited)",
					"@executable_path/Frameworks",
					"@loader_path/Frameworks",
				);
				PRODUCT_BUNDLE_IDENTIFIER = "com.junnakajima.ex-keyFrameAnimationUITests";
				PRODUCT_NAME = "$(TARGET_NAME)";
				TARGETED_DEVICE_FAMILY = "1,2";
				TEST_TARGET_NAME = ex_keyFrameAnimation;
			};
			name = Debug;
		};
		19EC697621DE04E4007A9A99 /* Release */ = {
			isa = XCBuildConfiguration;
			buildSettings = {
				CODE_SIGN_STYLE = Automatic;
				INFOPLIST_FILE = ex_keyFrameAnimationUITests/Info.plist;
				LD_RUNPATH_SEARCH_PATHS = (
					"$(inherited)",
					"@executable_path/Frameworks",
					"@loader_path/Frameworks",
				);
				PRODUCT_BUNDLE_IDENTIFIER = "com.junnakajima.ex-keyFrameAnimationUITests";
				PRODUCT_NAME = "$(TARGET_NAME)";
				TARGETED_DEVICE_FAMILY = "1,2";
				TEST_TARGET_NAME = ex_keyFrameAnimation;
			};
			name = Release;
		};
/* End XCBuildConfiguration section */

/* Begin XCConfigurationList section */
		19EC693D21DE04E2007A9A99 /* Build configuration list for PBXProject "ex_keyFrameAnimation" */ = {
			isa = XCConfigurationList;
			buildConfigurations = (
				19EC696C21DE04E4007A9A99 /* Debug */,
				19EC696D21DE04E4007A9A99 /* Release */,
			);
			defaultConfigurationIsVisible = 0;
			defaultConfigurationName = Release;
		};
		19EC696E21DE04E4007A9A99 /* Build configuration list for PBXNativeTarget "ex_keyFrameAnimation" */ = {
			isa = XCConfigurationList;
			buildConfigurations = (
				19EC696F21DE04E4007A9A99 /* Debug */,
				19EC697021DE04E4007A9A99 /* Release */,
			);
			defaultConfigurationIsVisible = 0;
			defaultConfigurationName = Release;
		};
		19EC697121DE04E4007A9A99 /* Build configuration list for PBXNativeTarget "ex_keyFrameAnimationTests" */ = {
			isa = XCConfigurationList;
			buildConfigurations = (
				19EC697221DE04E4007A9A99 /* Debug */,
				19EC697321DE04E4007A9A99 /* Release */,
			);
			defaultConfigurationIsVisible = 0;
			defaultConfigurationName = Release;
		};
		19EC697421DE04E4007A9A99 /* Build configuration list for PBXNativeTarget "ex_keyFrameAnimationUITests" */ = {
			isa = XCConfigurationList;
			buildConfigurations = (
				19EC697521DE04E4007A9A99 /* Debug */,
				19EC697621DE04E4007A9A99 /* Release */,
			);
			defaultConfigurationIsVisible = 0;
			defaultConfigurationName = Release;
		};
/* End XCConfigurationList section */
	};
	rootObject = 19EC693A21DE04E2007A9A99 /* Project object */;
}
